
Microsoft Visual Studio Solution File, Format Version 12.00
# Visual Studio 15
VisualStudioVersion = 15.0.27703.2047
MinimumVisualStudioVersion = 10.0.40219.1
Project("{FAE04EC0-301F-11D3-BF4B-00C04F79EFBC}") = "WebApiVideoStreaming", "WebApiVideoStreaming\WebApiVideoStreaming.csproj", "{242F40E4-61BD-415C-8FBA-CF2B82F0BCAF}"
EndProject
Project("{00D1A9C2-B5F0-4AF3-8072-F6C62B433612}") = "Demo", "Demo\Demo.sqlproj", "{A20146D9-D4D5-415D-8CEF-6CCB30C166E5}"
EndProject
Global
	GlobalSection(SolutionConfigurationPlatforms) = preSolution
		Debug|Any CPU = Debug|Any CPU
		Release|Any CPU = Release|Any CPU
	EndGlobalSection
	GlobalSection(ProjectConfigurationPlatforms) = postSolution
		{242F40E4-61BD-415C-8FBA-CF2B82F0BCAF}.Debug|Any CPU.ActiveCfg = Debug|Any CPU
		{242F40E4-61BD-415C-8FBA-CF2B82F0BCAF}.Debug|Any CPU.Build.0 = Debug|Any CPU
		{242F40E4-61BD-415C-8FBA-CF2B82F0BCAF}.Release|Any CPU.ActiveCfg = Release|Any CPU
		{242F40E4-61BD-415C-8FBA-CF2B82F0BCAF}.Release|Any CPU.Build.0 = Release|Any CPU
		{A20146D9-D4D5-415D-8CEF-6CCB30C166E5}.Debug|Any CPU.ActiveCfg = Debug|Any CPU
		{A20146D9-D4D5-415D-8CEF-6CCB30C166E5}.Debug|Any CPU.Build.0 = Debug|Any CPU
		{A20146D9-D4D5-415D-8CEF-6CCB30C166E5}.Debug|Any CPU.Deploy.0 = Debug|Any CPU
		{A20146D9-D4D5-415D-8CEF-6CCB30C166E5}.Release|Any CPU.ActiveCfg = Release|Any CPU
		{A20146D9-D4D5-415D-8CEF-6CCB30C166E5}.Release|Any CPU.Build.0 = Release|Any CPU
		{A20146D9-D4D5-415D-8CEF-6CCB30C166E5}.Release|Any CPU.Deploy.0 = Release|Any CPU
	EndGlobalSection
	GlobalSection(SolutionProperties) = preSolution
		HideSolutionNode = FALSE
	EndGlobalSection
	GlobalSection(ExtensibilityGlobals) = postSolution
		SolutionGuid = {6DC62BFD-789D-4DCF-8C68-99C1BBA30E47}
	EndGlobalSection
EndGlobal
